{
    "_readme": [
        "This file locks the dependencies of your project to a known state",
        "Read more about it at https://getcomposer.org/doc/01-basic-usage.md#installing-dependencies",
        "This file is @generated automatically"
    ],
    "content-hash": "2194f6688160511c482e6ad0f67eb5d0",
    "packages": [],
    "packages-dev": [],
    "aliases": [],
    "minimum-stability": "stable",
    "stability-flags": [],
    "prefer-stable": false,
    "prefer-lowest": false,
    "platform": {
        "ext-pcntl": "*",
        "ext-json": "*",
        "ext-openssl": "*",
        "ext-gd": "*",
        "ext-curl": "*",
        "ext-posix": "*",
        "ext-bcmath": "*"
    },
    "platform-dev": [],
    "plugin-api-version": "2.6.0"
}
